# This file is automatically @generated by Cargo.
# It is not intended for manual editing.
version = 3

[[package]]
name = "arch-x86"
version = "0.1.0"
dependencies = [
 "kernel",
]

[[package]]
name = "arch-x86_64"
version = "0.1.0"
dependencies = [
 "kernel",
]

[[package]]
name = "kernel"
version = "0.1.0"
